// !$*UTF8*$!
{
	archiveVersion = 1;
	classes = {
	};
	objectVersion = 56;
	objects = {

/* Begin PBXBuildFile section */
		E14D6AEF291837A4004C2502 /* URLSessionWithSwiftUIApp.swift in Sources */ = {isa = PBXBuildFile; fileRef = E14D6AEE291837A4004C2502 /* URLSessionWithSwiftUIApp.swift */; };
		E14D6AF1291837A4004C2502 /* ContentView.swift in Sources */ = {isa = PBXBuildFile; fileRef = E14D6AF0291837A4004C2502 /* ContentView.swift */; };
		E14D6AF3291837A8004C2502 /* Assets.xcassets in Resources */ = {isa = PBXBuildFile; fileRef = E14D6AF2291837A8004C2502 /* Assets.xcassets */; };
		E14D6AF6291837A8004C2502 /* Preview Assets.xcassets in Resources */ = {isa = PBXBuildFile; fileRef = E14D6AF5291837A8004C2502 /* Preview Assets.xcassets */; };
		E14D6AFD291838A1004C2502 /* NetworkManager.swift in Sources */ = {isa = PBXBuildFile; fileRef = E14D6AFC291838A1004C2502 /* NetworkManager.swift */; };
		E14D6AFF29183A57004C2502 /* DataModel.swift in Sources */ = {isa = PBXBuildFile; fileRef = E14D6AFE29183A57004C2502 /* DataModel.swift */; };
		E14D6B01291943C5004C2502 /* DataListViewModel.swift in Sources */ = {isa = PBXBuildFile; fileRef = E14D6B00291943C5004C2502 /* DataListViewModel.swift */; };
/* End PBXBuildFile section */

/* Begin PBXFileReference section */
		E14D6AEB291837A4004C2502 /* URLSessionWithSwiftUI.app */ = {isa = PBXFileReference; explicitFileType = wrapper.application; includeInIndex = 0; path = URLSessionWithSwiftUI.app; sourceTree = BUILT_PRODUCTS_DIR; };
		E14D6AEE291837A4004C2502 /* URLSessionWithSwiftUIApp.swift */ = {isa = PBXFileReference; lastKnownFileType = sourcecode.swift; path = URLSessionWithSwiftUIApp.swift; sourceTree = "<group>"; };
		E14D6AF0291837A4004C2502 /* ContentView.swift */ = {isa = PBXFileReference; lastKnownFileType = sourcecode.swift; path = ContentView.swift; sourceTree = "<group>"; };
		E14D6AF2291837A8004C2502 /* Assets.xcassets */ = {isa = PBXFileReference; lastKnownFileType = folder.assetcatalog; path = Assets.xcassets; sourceTree = "<group>"; };
		E14D6AF5291837A8004C2502 /* Preview Assets.xcassets */ = {isa = PBXFileReference; lastKnownFileType = folder.assetcatalog; path = "Preview Assets.xcassets"; sourceTree = "<group>"; };
		E14D6AFC291838A1004C2502 /* NetworkManager.swift */ = {isa = PBXFileReference; lastKnownFileType = sourcecode.swift; path = NetworkManager.swift; sourceTree = "<group>"; };
		E14D6AFE29183A57004C2502 /* DataModel.swift */ = {isa = PBXFileReference; lastKnownFileType = sourcecode.swift; path = DataModel.swift; sourceTree = "<group>"; };
		E14D6B00291943C5004C2502 /* DataListViewModel.swift */ = {isa = PBXFileReference; lastKnownFileType = sourcecode.swift; path = DataListViewModel.swift; sourceTree = "<group>"; };
/* End PBXFileReference section */

/* Begin PBXFrameworksBuildPhase section */
		E14D6AE8291837A4004C2502 /* Frameworks */ = {
			isa = PBXFrameworksBuildPhase;
			buildActionMask = 2147483647;
			files = (
			);
			runOnlyForDeploymentPostprocessing = 0;
		};
/* End PBXFrameworksBuildPhase section */

/* Begin PBXGroup section */
		E14D6AE2291837A4004C2502 = {
			isa = PBXGroup;
			children = (
				E14D6AED291837A4004C2502 /* URLSessionWithSwiftUI */,
				E14D6AEC291837A4004C2502 /* Products */,
			);
			sourceTree = "<group>";
		};
		E14D6AEC291837A4004C2502 /* Products */ = {
			isa = PBXGroup;
			children = (
				E14D6AEB291837A4004C2502 /* URLSessionWithSwiftUI.app */,
			);
			name = Products;
			sourceTree = "<group>";
		};
		E14D6AED291837A4004C2502 /* URLSessionWithSwiftUI */ = {
			isa = PBXGroup;
			children = (
				E14D6AEE291837A4004C2502 /* URLSessionWithSwiftUIApp.swift */,
				E14D6B022919447C004C2502 /* Model */,
				E14D6B0329194488004C2502 /* View */,
				E14D6B0429194491004C2502 /* ViewModel */,
				E14D6AF2291837A8004C2502 /* Assets.xcassets */,
				E14D6AF4291837A8004C2502 /* Preview Content */,
			);
			path = URLSessionWithSwiftUI;
			sourceTree = "<group>";
		};
		E14D6AF4291837A8004C2502 /* Preview Content */ = {
			isa = PBXGroup;
			children = (
				E14D6AF5291837A8004C2502 /* Preview Assets.xcassets */,
			);
			path = "Preview Content";
			sourceTree = "<group>";
		};
		E14D6B022919447C004C2502 /* Model */ = {
			isa = PBXGroup;
			children = (
				E14D6AFC291838A1004C2502 /* NetworkManager.swift */,
				E14D6AFE29183A57004C2502 /* DataModel.swift */,
			);
			path = Model;
			sourceTree = "<group>";
		};
		E14D6B0329194488004C2502 /* View */ = {
			isa = PBXGroup;
			children = (
				E14D6AF0291837A4004C2502 /* ContentView.swift */,
			);
			path = View;
			sourceTree = "<group>";
		};
		E14D6B0429194491004C2502 /* ViewModel */ = {
			isa = PBXGroup;
			children = (
				E14D6B00291943C5004C2502 /* DataListViewModel.swift */,
			);
			path = ViewModel;
			sourceTree = "<group>";
		};
/* End PBXGroup section */

/* Begin PBXNativeTarget section */
		E14D6AEA291837A4004C2502 /* URLSessionWithSwiftUI */ = {
			isa = PBXNativeTarget;
			buildConfigurationList = E14D6AF9291837A8004C2502 /* Build configuration list for PBXNativeTarget "URLSessionWithSwiftUI" */;
			buildPhases = (
				E14D6AE7291837A4004C2502 /* Sources */,
				E14D6AE8291837A4004C2502 /* Frameworks */,
				E14D6AE9291837A4004C2502 /* Resources */,
			);
			buildRules = (
			);
			dependencies = (
			);
			name = URLSessionWithSwiftUI;
			productName = URLSessionWithSwiftUI;
			productReference = E14D6AEB291837A4004C2502 /* URLSessionWithSwiftUI.app */;
			productType = "com.apple.product-type.application";
		};
/* End PBXNativeTarget section */

/* Begin PBXProject section */
		E14D6AE3291837A4004C2502 /* Project object */ = {
			isa = PBXProject;
			attributes = {
				BuildIndependentTargetsInParallel = 1;
				LastSwiftUpdateCheck = 1410;
				LastUpgradeCheck = 1410;
				TargetAttributes = {
					E14D6AEA291837A4004C2502 = {
						CreatedOnToolsVersion = 14.1;
					};
				};
			};
			buildConfigurationList = E14D6AE6291837A4004C2502 /* Build configuration list for PBXProject "URLSessionWithSwiftUI" */;
			compatibilityVersion = "Xcode 14.0";
			developmentRegion = en;
			hasScannedForEncodings = 0;
			knownRegions = (
				en,
				Base,
			);
			mainGroup = E14D6AE2291837A4004C2502;
			productRefGroup = E14D6AEC291837A4004C2502 /* Products */;
			projectDirPath = "";
			projectRoot = "";
			targets = (
				E14D6AEA291837A4004C2502 /* URLSessionWithSwiftUI */,
			);
		};
/* End PBXProject section */

/* Begin PBXResourcesBuildPhase section */
		E14D6AE9291837A4004C2502 /* Resources */ = {
			isa = PBXResourcesBuildPhase;
			buildActionMask = 2147483647;
			files = (
				E14D6AF6291837A8004C2502 /* Preview Assets.xcassets in Resources */,
				E14D6AF3291837A8004C2502 /* Assets.xcassets in Resources */,
			);
			runOnlyForDeploymentPostprocessing = 0;
		};
/* End PBXResourcesBuildPhase section */

/* Begin PBXSourcesBuildPhase section */
		E14D6AE7291837A4004C2502 /* Sources */ = {
			isa = PBXSourcesBuildPhase;
			buildActionMask = 2147483647;
			files = (
				E14D6AFD291838A1004C2502 /* NetworkManager.swift in Sources */,
				E14D6AFF29183A57004C2502 /* DataModel.swift in Sources */,
				E14D6B01291943C5004C2502 /* DataListViewModel.swift in Sources */,
				E14D6AF1291837A4004C2502 /* ContentView.swift in Sources */,
				E14D6AEF291837A4004C2502 /* URLSessionWithSwiftUIApp.swift in Sources */,
			);
			runOnlyForDeploymentPostprocessing = 0;
		};
/* End PBXSourcesBuildPhase section */

/* Begin XCBuildConfiguration section */
		E14D6AF7291837A8004C2502 /* Debug */ = {
			isa = XCBuildConfiguration;
			buildSettings = {
				ALWAYS_SEARCH_USER_PATHS = NO;
				CLANG_ANALYZER_NONNULL = YES;
				CLANG_ANALYZER_NUMBER_OBJECT_CONVERSION = YES_AGGRESSIVE;
				CLANG_CXX_LANGUAGE_STANDARD = "gnu++20";
				CLANG_ENABLE_MODULES = YES;
				CLANG_ENABLE_OBJC_ARC = YES;
				CLANG_ENABLE_OBJC_WEAK = YES;
				CLANG_WARN_BLOCK_CAPTURE_AUTORELEASING = YES;
				CLANG_WARN_BOOL_CONVERSION = YES;
				CLANG_WARN_COMMA = YES;
				CLANG_WARN_CONSTANT_CONVERSION = YES;
				CLANG_WARN_DEPRECATED_OBJC_IMPLEMENTATIONS = YES;
				CLANG_WARN_DIRECT_OBJC_ISA_USAGE = YES_ERROR;
				CLANG_WARN_DOCUMENTATION_COMMENTS = YES;
				CLANG_WARN_EMPTY_BODY = YES;
				CLANG_WARN_ENUM_CONVERSION = YES;
				CLANG_WARN_INFINITE_RECURSION = YES;
				CLANG_WARN_INT_CONVERSION = YES;
				CLANG_WARN_NON_LITERAL_NULL_CONVERSION = YES;
				CLANG_WARN_OBJC_IMPLICIT_RETAIN_SELF = YES;
				CLANG_WARN_OBJC_LITERAL_CONVERSION = YES;
				CLANG_WARN_OBJC_ROOT_CLASS = YES_ERROR;
				CLANG_WARN_QUOTED_INCLUDE_IN_FRAMEWORK_HEADER = YES;
				CLANG_WARN_RANGE_LOOP_ANALYSIS = YES;
				CLANG_WARN_STRICT_PROTOTYPES = YES;
				CLANG_WARN_SUSPICIOUS_MOVE = YES;
				CLANG_WARN_UNGUARDED_AVAILABILITY = YES_AGGRESSIVE;
				CLANG_WARN_UNREACHABLE_CODE = YES;
				CLANG_WARN__DUPLICATE_METHOD_MATCH = YES;
				COPY_PHASE_STRIP = NO;
				DEBUG_INFORMATION_FORMAT = dwarf;
				ENABLE_STRICT_OBJC_MSGSEND = YES;
				ENABLE_TESTABILITY = YES;
				GCC_C_LANGUAGE_STANDARD = gnu11;
				GCC_DYNAMIC_NO_PIC = NO;
				GCC_NO_COMMON_BLOCKS = YES;
				GCC_OPTIMIZATION_LEVEL = 0;
				GCC_PREPROCESSOR_DEFINITIONS = (
					"DEBUG=1",
					"$(inherited)",
				);
				GCC_WARN_64_TO_32_BIT_CONVERSION = YES;
				GCC_WARN_ABOUT_RETURN_TYPE = YES_ERROR;
				GCC_WARN_UNDECLARED_SELECTOR = YES;
				GCC_WARN_UNINITIALIZED_AUTOS = YES_AGGRESSIVE;
				GCC_WARN_UNUSED_FUNCTION = YES;
				GCC_WARN_UNUSED_VARIABLE = YES;
				IPHONEOS_DEPLOYMENT_TARGET = 16.1;
				MTL_ENABLE_DEBUG_INFO = INCLUDE_SOURCE;
				MTL_FAST_MATH = YES;
				ONLY_ACTIVE_ARCH = YES;
				SDKROOT = iphoneos;
				SWIFT_ACTIVE_COMPILATION_CONDITIONS = DEBUG;
				SWIFT_OPTIMIZATION_LEVEL = "-Onone";
			};
			name = Debug;
		};
		E14D6AF8291837A8004C2502 /* Release */ = {
			isa = XCBuildConfiguration;
			buildSettings = {
				ALWAYS_SEARCH_USER_PATHS = NO;
				CLANG_ANALYZER_NONNULL = YES;
				CLANG_ANALYZER_NUMBER_OBJECT_CONVERSION = YES_AGGRESSIVE;
				CLANG_CXX_LANGUAGE_STANDARD = "gnu++20";
				CLANG_ENABLE_MODULES = YES;
				CLANG_ENABLE_OBJC_ARC = YES;
				CLANG_ENABLE_OBJC_WEAK = YES;
				CLANG_WARN_BLOCK_CAPTURE_AUTORELEASING = YES;
				CLANG_WARN_BOOL_CONVERSION = YES;
				CLANG_WARN_COMMA = YES;
				CLANG_WARN_CONSTANT_CONVERSION = YES;
				CLANG_WARN_DEPRECATED_OBJC_IMPLEMENTATIONS = YES;
				CLANG_WARN_DIRECT_OBJC_ISA_USAGE = YES_ERROR;
				CLANG_WARN_DOCUMENTATION_COMMENTS = YES;
				CLANG_WARN_EMPTY_BODY = YES;
				CLANG_WARN_ENUM_CONVERSION = YES;
				CLANG_WARN_INFINITE_RECURSION = YES;
				CLANG_WARN_INT_CONVERSION = YES;
				CLANG_WARN_NON_LITERAL_NULL_CONVERSION = YES;
				CLANG_WARN_OBJC_IMPLICIT_RETAIN_SELF = YES;
				CLANG_WARN_OBJC_LITERAL_CONVERSION = YES;
				CLANG_WARN_OBJC_ROOT_CLASS = YES_ERROR;
				CLANG_WARN_QUOTED_INCLUDE_IN_FRAMEWORK_HEADER = YES;
				CLANG_WARN_RANGE_LOOP_ANALYSIS = YES;
				CLANG_WARN_STRICT_PROTOTYPES = YES;
				CLANG_WARN_SUSPICIOUS_MOVE = YES;
				CLANG_WARN_UNGUARDED_AVAILABILITY = YES_AGGRESSIVE;
				CLANG_WARN_UNREACHABLE_CODE = YES;
				CLANG_WARN__DUPLICATE_METHOD_MATCH = YES;
				COPY_PHASE_STRIP = NO;
				DEBUG_INFORMATION_FORMAT = "dwarf-with-dsym";
				ENABLE_NS_ASSERTIONS = NO;
				ENABLE_STRICT_OBJC_MSGSEND = YES;
				GCC_C_LANGUAGE_STANDARD = gnu11;
				GCC_NO_COMMON_BLOCKS = YES;
				GCC_WARN_64_TO_32_BIT_CONVERSION = YES;
				GCC_WARN_ABOUT_RETURN_TYPE = YES_ERROR;
				GCC_WARN_UNDECLARED_SELECTOR = YES;
				GCC_WARN_UNINITIALIZED_AUTOS = YES_AGGRESSIVE;
				GCC_WARN_UNUSED_FUNCTION = YES;
				GCC_WARN_UNUSED_VARIABLE = YES;
				IPHONEOS_DEPLOYMENT_TARGET = 16.1;
				MTL_ENABLE_DEBUG_INFO = NO;
				MTL_FAST_MATH = YES;
				SDKROOT = iphoneos;
				SWIFT_COMPILATION_MODE = wholemodule;
				SWIFT_OPTIMIZATION_LEVEL = "-O";
				VALIDATE_PRODUCT = YES;
			};
			name = Release;
		};
		E14D6AFA291837A8004C2502 /* Debug */ = {
			isa = XCBuildConfiguration;
			buildSettings = {
				ASSETCATALOG_COMPILER_APPICON_NAME = AppIcon;
				ASSETCATALOG_COMPILER_GLOBAL_ACCENT_COLOR_NAME = AccentColor;
				CODE_SIGN_STYLE = Automatic;
				CURRENT_PROJECT_VERSION = 1;
				DEVELOPMENT_ASSET_PATHS = "\"URLSessionWithSwiftUI/Preview Content\"";
				DEVELOPMENT_TEAM = 96GRBZY78X;
				ENABLE_PREVIEWS = YES;
				GENERATE_INFOPLIST_FILE = YES;
				INFOPLIST_KEY_UIApplicationSceneManifest_Generation = YES;
				INFOPLIST_KEY_UIApplicationSupportsIndirectInputEvents = YES;
				INFOPLIST_KEY_UILaunchScreen_Generation = YES;
				INFOPLIST_KEY_UISupportedInterfaceOrientations_iPad = "UIInterfaceOrientationPortrait UIInterfaceOrientationPortraitUpsideDown UIInterfaceOrientationLandscapeLeft UIInterfaceOrientationLandscapeRight";
				INFOPLIST_KEY_UISupportedInterfaceOrientations_iPhone = "UIInterfaceOrientationPortrait UIInterfaceOrientationLandscapeLeft UIInterfaceOrientationLandscapeRight";
				LD_RUNPATH_SEARCH_PATHS = (
					"$(inherited)",
					"@executable_path/Frameworks",
				);
				MARKETING_VERSION = 1.0;
				PRODUCT_BUNDLE_IDENTIFIER = com.ixavy.URLSessionWithSwiftUI;
				PRODUCT_NAME = "$(TARGET_NAME)";
				SWIFT_EMIT_LOC_STRINGS = YES;
				SWIFT_VERSION = 5.0;
				TARGETED_DEVICE_FAMILY = "1,2";
			};
			name = Debug;
		};
		E14D6AFB291837A8004C2502 /* Release */ = {
			isa = XCBuildConfiguration;
			buildSettings = {
				ASSETCATALOG_COMPILER_APPICON_NAME = AppIcon;
				ASSETCATALOG_COMPILER_GLOBAL_ACCENT_COLOR_NAME = AccentColor;
				CODE_SIGN_STYLE = Automatic;
				CURRENT_PROJECT_VERSION = 1;
				DEVELOPMENT_ASSET_PATHS = "\"URLSessionWithSwiftUI/Preview Content\"";
				DEVELOPMENT_TEAM = 96GRBZY78X;
				ENABLE_PREVIEWS = YES;
				GENERATE_INFOPLIST_FILE = YES;
				INFOPLIST_KEY_UIApplicationSceneManifest_Generation = YES;
				INFOPLIST_KEY_UIApplicationSupportsIndirectInputEvents = YES;
				INFOPLIST_KEY_UILaunchScreen_Generation = YES;
				INFOPLIST_KEY_UISupportedInterfaceOrientations_iPad = "UIInterfaceOrientationPortrait UIInterfaceOrientationPortraitUpsideDown UIInterfaceOrientationLandscapeLeft UIInterfaceOrientationLandscapeRight";
				INFOPLIST_KEY_UISupportedInterfaceOrientations_iPhone = "UIInterfaceOrientationPortrait UIInterfaceOrientationLandscapeLeft UIInterfaceOrientationLandscapeRight";
				LD_RUNPATH_SEARCH_PATHS = (
					"$(inherited)",
					"@executable_path/Frameworks",
				);
				MARKETING_VERSION = 1.0;
				PRODUCT_BUNDLE_IDENTIFIER = com.ixavy.URLSessionWithSwiftUI;
				PRODUCT_NAME = "$(TARGET_NAME)";
				SWIFT_EMIT_LOC_STRINGS = YES;
				SWIFT_VERSION = 5.0;
				TARGETED_DEVICE_FAMILY = "1,2";
			};
			name = Release;
		};
/* End XCBuildConfiguration section */

/* Begin XCConfigurationList section */
		E14D6AE6291837A4004C2502 /* Build configuration list for PBXProject "URLSessionWithSwiftUI" */ = {
			isa = XCConfigurationList;
			buildConfigurations = (
				E14D6AF7291837A8004C2502 /* Debug */,
				E14D6AF8291837A8004C2502 /* Release */,
			);
			defaultConfigurationIsVisible = 0;
			defaultConfigurationName = Release;
		};
		E14D6AF9291837A8004C2502 /* Build configuration list for PBXNativeTarget "URLSessionWithSwiftUI" */ = {
			isa = XCConfigurationList;
			buildConfigurations = (
				E14D6AFA291837A8004C2502 /* Debug */,
				E14D6AFB291837A8004C2502 /* Release */,
			);
			defaultConfigurationIsVisible = 0;
			defaultConfigurationName = Release;
		};
/* End XCConfigurationList section */
	};
	rootObject = E14D6AE3291837A4004C2502 /* Project object */;
}
